
Microsoft Visual Studio Solution File, Format Version 12.00
# Visual Studio Version 17
VisualStudioVersion = 17.11.35219.272
MinimumVisualStudioVersion = 10.0.40219.1
Project("{FAE04EC0-301F-11D3-BF4B-00C04F79EFBC}") = "Classes", "Classes\Classes.csproj", "{56126AE6-247C-47BC-9C3C-FAAAE67143F5}"
EndProject
Project("{FAE04EC0-301F-11D3-BF4B-00C04F79EFBC}") = "Constructorss", "Constructorss\Constructorss.csproj", "{AC82DE59-DBF1-4E2A-8EA2-554CC3DDAE54}"
EndProject
Project("{FAE04EC0-301F-11D3-BF4B-00C04F79EFBC}") = "Methods", "Methods\Methods.csproj", "{C240164C-72D1-4A33-9869-22CEEB2CB7D0}"
EndProject
Project("{FAE04EC0-301F-11D3-BF4B-00C04F79EFBC}") = "Fields", "Fields\Fields.csproj", "{BF512CC6-93AC-4AFD-AD2B-BED72845A249}"
EndProject
Project("{FAE04EC0-301F-11D3-BF4B-00C04F79EFBC}") = "AccessModifiers", "AccessModifiers\AccessModifiers.csproj", "{5ED67AC8-6CB7-469C-8B4F-1664BDA25FB0}"
EndProject
Project("{FAE04EC0-301F-11D3-BF4B-00C04F79EFBC}") = "Properties", "Properties\Properties.csproj", "{042D2817-B714-464B-A76F-5896D984B46D}"
EndProject
Project("{FAE04EC0-301F-11D3-BF4B-00C04F79EFBC}") = "Indexers", "Indexers\Indexers.csproj", "{6E450DBC-83CE-436C-8523-E2EA5AB1C0F6}"
EndProject
Project("{FAE04EC0-301F-11D3-BF4B-00C04F79EFBC}") = "Inheritance", "Inheritance\Inheritance.csproj", "{F2C160F3-B08D-4841-9FC8-C535E706F655}"
EndProject
Project("{FAE04EC0-301F-11D3-BF4B-00C04F79EFBC}") = "Composition", "Composition\Composition.csproj", "{DBDF7B98-799A-4DD8-8E47-51DA5446FD5C}"
EndProject
Project("{FAE04EC0-301F-11D3-BF4B-00C04F79EFBC}") = "AccessModiferPublic", "AccessModiferPublic\AccessModiferPublic.csproj", "{BC496B1D-8A8B-4E79-8CD3-D33B0F63FB26}"
EndProject
Project("{FAE04EC0-301F-11D3-BF4B-00C04F79EFBC}") = "AccessModiferPrivate", "AccessModiferPrivate\AccessModiferPrivate.csproj", "{C9340DC0-5634-4E5A-AE00-B5B0CCD01C7A}"
EndProject
Project("{FAE04EC0-301F-11D3-BF4B-00C04F79EFBC}") = "AccessModifierProtected", "AccessModifierProtected\AccessModifierProtected.csproj", "{E8F5D187-A4F2-45C9-9805-F62B8607CB22}"
EndProject
Project("{FAE04EC0-301F-11D3-BF4B-00C04F79EFBC}") = "AccessModifierInternal", "AccessModifierInternal\AccessModifierInternal.csproj", "{D45B536C-843E-4644-822C-AD65AC58B557}"
EndProject
Project("{FAE04EC0-301F-11D3-BF4B-00C04F79EFBC}") = "ClassLibraryInternal", "ClassLibraryInternal\ClassLibraryInternal.csproj", "{B965E4B1-004C-4BC9-9E7D-0AE082A69C58}"
EndProject
Global
	GlobalSection(SolutionConfigurationPlatforms) = preSolution
		Debug|Any CPU = Debug|Any CPU
		Release|Any CPU = Release|Any CPU
	EndGlobalSection
	GlobalSection(ProjectConfigurationPlatforms) = postSolution
		{56126AE6-247C-47BC-9C3C-FAAAE67143F5}.Debug|Any CPU.ActiveCfg = Debug|Any CPU
		{56126AE6-247C-47BC-9C3C-FAAAE67143F5}.Debug|Any CPU.Build.0 = Debug|Any CPU
		{56126AE6-247C-47BC-9C3C-FAAAE67143F5}.Release|Any CPU.ActiveCfg = Release|Any CPU
		{56126AE6-247C-47BC-9C3C-FAAAE67143F5}.Release|Any CPU.Build.0 = Release|Any CPU
		{AC82DE59-DBF1-4E2A-8EA2-554CC3DDAE54}.Debug|Any CPU.ActiveCfg = Debug|Any CPU
		{AC82DE59-DBF1-4E2A-8EA2-554CC3DDAE54}.Debug|Any CPU.Build.0 = Debug|Any CPU
		{AC82DE59-DBF1-4E2A-8EA2-554CC3DDAE54}.Release|Any CPU.ActiveCfg = Release|Any CPU
		{AC82DE59-DBF1-4E2A-8EA2-554CC3DDAE54}.Release|Any CPU.Build.0 = Release|Any CPU
		{C240164C-72D1-4A33-9869-22CEEB2CB7D0}.Debug|Any CPU.ActiveCfg = Debug|Any CPU
		{C240164C-72D1-4A33-9869-22CEEB2CB7D0}.Debug|Any CPU.Build.0 = Debug|Any CPU
		{C240164C-72D1-4A33-9869-22CEEB2CB7D0}.Release|Any CPU.ActiveCfg = Release|Any CPU
		{C240164C-72D1-4A33-9869-22CEEB2CB7D0}.Release|Any CPU.Build.0 = Release|Any CPU
		{BF512CC6-93AC-4AFD-AD2B-BED72845A249}.Debug|Any CPU.ActiveCfg = Debug|Any CPU
		{BF512CC6-93AC-4AFD-AD2B-BED72845A249}.Debug|Any CPU.Build.0 = Debug|Any CPU
		{BF512CC6-93AC-4AFD-AD2B-BED72845A249}.Release|Any CPU.ActiveCfg = Release|Any CPU
		{BF512CC6-93AC-4AFD-AD2B-BED72845A249}.Release|Any CPU.Build.0 = Release|Any CPU
		{5ED67AC8-6CB7-469C-8B4F-1664BDA25FB0}.Debug|Any CPU.ActiveCfg = Debug|Any CPU
		{5ED67AC8-6CB7-469C-8B4F-1664BDA25FB0}.Debug|Any CPU.Build.0 = Debug|Any CPU
		{5ED67AC8-6CB7-469C-8B4F-1664BDA25FB0}.Release|Any CPU.ActiveCfg = Release|Any CPU
		{5ED67AC8-6CB7-469C-8B4F-1664BDA25FB0}.Release|Any CPU.Build.0 = Release|Any CPU
		{042D2817-B714-464B-A76F-5896D984B46D}.Debug|Any CPU.ActiveCfg = Debug|Any CPU
		{042D2817-B714-464B-A76F-5896D984B46D}.Debug|Any CPU.Build.0 = Debug|Any CPU
		{042D2817-B714-464B-A76F-5896D984B46D}.Release|Any CPU.ActiveCfg = Release|Any CPU
		{042D2817-B714-464B-A76F-5896D984B46D}.Release|Any CPU.Build.0 = Release|Any CPU
		{6E450DBC-83CE-436C-8523-E2EA5AB1C0F6}.Debug|Any CPU.ActiveCfg = Debug|Any CPU
		{6E450DBC-83CE-436C-8523-E2EA5AB1C0F6}.Debug|Any CPU.Build.0 = Debug|Any CPU
		{6E450DBC-83CE-436C-8523-E2EA5AB1C0F6}.Release|Any CPU.ActiveCfg = Release|Any CPU
		{6E450DBC-83CE-436C-8523-E2EA5AB1C0F6}.Release|Any CPU.Build.0 = Release|Any CPU
		{F2C160F3-B08D-4841-9FC8-C535E706F655}.Debug|Any CPU.ActiveCfg = Debug|Any CPU
		{F2C160F3-B08D-4841-9FC8-C535E706F655}.Debug|Any CPU.Build.0 = Debug|Any CPU
		{F2C160F3-B08D-4841-9FC8-C535E706F655}.Release|Any CPU.ActiveCfg = Release|Any CPU
		{F2C160F3-B08D-4841-9FC8-C535E706F655}.Release|Any CPU.Build.0 = Release|Any CPU
		{DBDF7B98-799A-4DD8-8E47-51DA5446FD5C}.Debug|Any CPU.ActiveCfg = Debug|Any CPU
		{DBDF7B98-799A-4DD8-8E47-51DA5446FD5C}.Debug|Any CPU.Build.0 = Debug|Any CPU
		{DBDF7B98-799A-4DD8-8E47-51DA5446FD5C}.Release|Any CPU.ActiveCfg = Release|Any CPU
		{DBDF7B98-799A-4DD8-8E47-51DA5446FD5C}.Release|Any CPU.Build.0 = Release|Any CPU
		{BC496B1D-8A8B-4E79-8CD3-D33B0F63FB26}.Debug|Any CPU.ActiveCfg = Debug|Any CPU
		{BC496B1D-8A8B-4E79-8CD3-D33B0F63FB26}.Debug|Any CPU.Build.0 = Debug|Any CPU
		{BC496B1D-8A8B-4E79-8CD3-D33B0F63FB26}.Release|Any CPU.ActiveCfg = Release|Any CPU
		{BC496B1D-8A8B-4E79-8CD3-D33B0F63FB26}.Release|Any CPU.Build.0 = Release|Any CPU
		{C9340DC0-5634-4E5A-AE00-B5B0CCD01C7A}.Debug|Any CPU.ActiveCfg = Debug|Any CPU
		{C9340DC0-5634-4E5A-AE00-B5B0CCD01C7A}.Debug|Any CPU.Build.0 = Debug|Any CPU
		{C9340DC0-5634-4E5A-AE00-B5B0CCD01C7A}.Release|Any CPU.ActiveCfg = Release|Any CPU
		{C9340DC0-5634-4E5A-AE00-B5B0CCD01C7A}.Release|Any CPU.Build.0 = Release|Any CPU
		{E8F5D187-A4F2-45C9-9805-F62B8607CB22}.Debug|Any CPU.ActiveCfg = Debug|Any CPU
		{E8F5D187-A4F2-45C9-9805-F62B8607CB22}.Debug|Any CPU.Build.0 = Debug|Any CPU
		{E8F5D187-A4F2-45C9-9805-F62B8607CB22}.Release|Any CPU.ActiveCfg = Release|Any CPU
		{E8F5D187-A4F2-45C9-9805-F62B8607CB22}.Release|Any CPU.Build.0 = Release|Any CPU
		{D45B536C-843E-4644-822C-AD65AC58B557}.Debug|Any CPU.ActiveCfg = Debug|Any CPU
		{D45B536C-843E-4644-822C-AD65AC58B557}.Debug|Any CPU.Build.0 = Debug|Any CPU
		{D45B536C-843E-4644-822C-AD65AC58B557}.Release|Any CPU.ActiveCfg = Release|Any CPU
		{D45B536C-843E-4644-822C-AD65AC58B557}.Release|Any CPU.Build.0 = Release|Any CPU
		{B965E4B1-004C-4BC9-9E7D-0AE082A69C58}.Debug|Any CPU.ActiveCfg = Debug|Any CPU
		{B965E4B1-004C-4BC9-9E7D-0AE082A69C58}.Debug|Any CPU.Build.0 = Debug|Any CPU
		{B965E4B1-004C-4BC9-9E7D-0AE082A69C58}.Release|Any CPU.ActiveCfg = Release|Any CPU
		{B965E4B1-004C-4BC9-9E7D-0AE082A69C58}.Release|Any CPU.Build.0 = Release|Any CPU
	EndGlobalSection
	GlobalSection(SolutionProperties) = preSolution
		HideSolutionNode = FALSE
	EndGlobalSection
	GlobalSection(ExtensibilityGlobals) = postSolution
		SolutionGuid = {8605C7F2-0F5D-4CCF-B1E9-9D76C7A7400B}
	EndGlobalSection
EndGlobal
